
Microsoft Visual Studio Solution File, Format Version 12.00
# Visual Studio Version 16
VisualStudioVersion = 16.0.31702.278
MinimumVisualStudioVersion = 10.0.40219.1
Project("{8BC9CEB8-8B4A-11D0-8D11-00A0C91BC942}") = "GigePreviewer", "GigePreviewer\GigePreviewer.vcxproj", "{F04DFFE8-1822-4499-A61B-5BE14405E264}"
EndProject
Project("{8BC9CEB8-8B4A-11D0-8D11-00A0C91BC942}") = "GigePreviewClient", "GigePreviewClient\GigePreviewClient.vcxproj", "{0DF734AD-7BB4-41CF-8F0E-A339AFD12987}"
EndProject
Global
	GlobalSection(SolutionConfigurationPlatforms) = preSolution
		Debug|x64 = Debug|x64
		Debug|x86 = Debug|x86
		Release|x64 = Release|x64
		Release|x86 = Release|x86
	EndGlobalSection
	GlobalSection(ProjectConfigurationPlatforms) = postSolution
		{F04DFFE8-1822-4499-A61B-5BE14405E264}.Debug|x64.ActiveCfg = Debug|x64
		{F04DFFE8-1822-4499-A61B-5BE14405E264}.Debug|x64.Build.0 = Debug|x64
		{F04DFFE8-1822-4499-A61B-5BE14405E264}.Debug|x86.ActiveCfg = Debug|Win32
		{F04DFFE8-1822-4499-A61B-5BE14405E264}.Debug|x86.Build.0 = Debug|Win32
		{F04DFFE8-1822-4499-A61B-5BE14405E264}.Release|x64.ActiveCfg = Release|x64
		{F04DFFE8-1822-4499-A61B-5BE14405E264}.Release|x64.Build.0 = Release|x64
		{F04DFFE8-1822-4499-A61B-5BE14405E264}.Release|x86.ActiveCfg = Release|Win32
		{F04DFFE8-1822-4499-A61B-5BE14405E264}.Release|x86.Build.0 = Release|Win32
		{0DF734AD-7BB4-41CF-8F0E-A339AFD12987}.Debug|x64.ActiveCfg = Debug|x64
		{0DF734AD-7BB4-41CF-8F0E-A339AFD12987}.Debug|x64.Build.0 = Debug|x64
		{0DF734AD-7BB4-41CF-8F0E-A339AFD12987}.Debug|x86.ActiveCfg = Debug|Win32
		{0DF734AD-7BB4-41CF-8F0E-A339AFD12987}.Debug|x86.Build.0 = Debug|Win32
		{0DF734AD-7BB4-41CF-8F0E-A339AFD12987}.Release|x64.ActiveCfg = Release|x64
		{0DF734AD-7BB4-41CF-8F0E-A339AFD12987}.Release|x64.Build.0 = Release|x64
		{0DF734AD-7BB4-41CF-8F0E-A339AFD12987}.Release|x86.ActiveCfg = Release|Win32
		{0DF734AD-7BB4-41CF-8F0E-A339AFD12987}.Release|x86.Build.0 = Release|Win32
	EndGlobalSection
	GlobalSection(SolutionProperties) = preSolution
		HideSolutionNode = FALSE
	EndGlobalSection
	GlobalSection(ExtensibilityGlobals) = postSolution
		SolutionGuid = {37901B09-5F99-4FEF-98E0-40BD9C6E254D}
	EndGlobalSection
EndGlobal
